
Microsoft Visual Studio Solution File, Format Version 12.00
# Visual Studio Version 16
VisualStudioVersion = 16.0.33529.622
MinimumVisualStudioVersion = 10.0.40219.1
Project("{FAE04EC0-301F-11D3-BF4B-00C04F79EFBC}") = "Santral Rehberi", "Santral Rehberi.csproj", "{B91A92D7-830B-4FFF-8FF5-EB585F81758C}"
EndProject
Global
	GlobalSection(SolutionConfigurationPlatforms) = preSolution
		Debug|Any CPU = Debug|Any CPU
		Release|Any CPU = Release|Any CPU
	EndGlobalSection
	GlobalSection(ProjectConfigurationPlatforms) = postSolution
		{B91A92D7-830B-4FFF-8FF5-EB585F81758C}.Debug|Any CPU.ActiveCfg = Debug|Any CPU
		{B91A92D7-830B-4FFF-8FF5-EB585F81758C}.Debug|Any CPU.Build.0 = Debug|Any CPU
		{B91A92D7-830B-4FFF-8FF5-EB585F81758C}.Release|Any CPU.ActiveCfg = Release|Any CPU
		{B91A92D7-830B-4FFF-8FF5-EB585F81758C}.Release|Any CPU.Build.0 = Release|Any CPU
	EndGlobalSection
	GlobalSection(SolutionProperties) = preSolution
		HideSolutionNode = FALSE
	EndGlobalSection
	GlobalSection(ExtensibilityGlobals) = postSolution
		SolutionGuid = {99328D14-281A-4CAF-8C5C-ABC41DD52F4E}
	EndGlobalSection
EndGlobal
